
Microsoft Visual Studio Solution File, Format Version 12.00
# Visual Studio 15
VisualStudioVersion = 15.0.28307.572
MinimumVisualStudioVersion = 10.0.40219.1
Project("{FAE04EC0-301F-11D3-BF4B-00C04F79EFBC}") = "ClientChatApp_050_AdelinaYogaEkaSafira", "ClientChatApp_050_AdelinaYogaEkaSafira\ClientChatApp_050_AdelinaYogaEkaSafira.csproj", "{E4E41F42-5454-4EE4-A3D7-5BA4FA1A08C2}"
EndProject
Global
	GlobalSection(SolutionConfigurationPlatforms) = preSolution
		Debug|Any CPU = Debug|Any CPU
		Release|Any CPU = Release|Any CPU
	EndGlobalSection
	GlobalSection(ProjectConfigurationPlatforms) = postSolution
		{E4E41F42-5454-4EE4-A3D7-5BA4FA1A08C2}.Debug|Any CPU.ActiveCfg = Debug|Any CPU
		{E4E41F42-5454-4EE4-A3D7-5BA4FA1A08C2}.Debug|Any CPU.Build.0 = Debug|Any CPU
		{E4E41F42-5454-4EE4-A3D7-5BA4FA1A08C2}.Release|Any CPU.ActiveCfg = Release|Any CPU
		{E4E41F42-5454-4EE4-A3D7-5BA4FA1A08C2}.Release|Any CPU.Build.0 = Release|Any CPU
	EndGlobalSection
	GlobalSection(SolutionProperties) = preSolution
		HideSolutionNode = FALSE
	EndGlobalSection
	GlobalSection(ExtensibilityGlobals) = postSolution
		SolutionGuid = {A09329FE-2874-4D06-A79B-34C4793DC33F}
	EndGlobalSection
EndGlobal
